github.com/tencentcloud/tencentcloud-sdk-go/tencentcloud/common v1.0.207 h1:nAY3oFafcrnJ9SHbjokQNhWpEuKkJjAPF4PX4w9O70I=
github.com/tencentcloud/tencentcloud-sdk-go/tencentcloud/common v1.0.207/go.mod h1:7sCQWVkxcsR38nffDW057DRGk8mUjK1Ing/EFOK8s8Y=
github.com/tencentcloud/tencentcloud-sdk-go/tencentcloud/common v1.0.228 h1:MmCKga46SRAL1Mnhj3MVbhhXDiblwANPFTPwn3wbwhY=
github.com/tencentcloud/tencentcloud-sdk-go/tencentcloud/common v1.0.228/go.mod h1:7sCQWVkxcsR38nffDW057DRGk8mUjK1Ing/EFOK8s8Y=
github.com/tencentcloud/tencentcloud-sdk-go/tencentcloud/lighthouse v1.0.206 h1:bM1zTTF8tKZSrTc+0hfbDi688ydrH7bQltUcJASa7Yo=
github.com/tencentcloud/tencentcloud-sdk-go/tencentcloud/lighthouse v1.0.206/go.mod h1:r8txjlw4DjLDZFOpnPC/hOFHr1VckZc0jjBK6XIFLP0=
github.com/tencentcloud/tencentcloud-sdk-go/tencentcloud/lighthouse v1.0.228 h1:kTQqw/LDBJw+8CxlDuHbDO/6nijSj1Cu1dzw+UgET2Y=
github.com/tencentcloud/tencentcloud-sdk-go/tencentcloud/lighthouse v1.0.228/go.mod h1:r8txjlw4DjLDZFOpnPC/hOFHr1VckZc0jjBK6XIFLP0=
gopkg.in/check.v1 v0.0.0-20161208181325-20d25e280405 h1:yhCVgyC4o1eVCa2tZl7eS0r+SDo693bJlVdllGtEeKM=
gopkg.in/check.v1 v0.0.0-20161208181325-20d25e280405/go.mod h1:Co6ibVJAznAaIkqp8huTwlJQCZ016jof/cbN4VW5Yz0=
gopkg.in/yaml.v3 v3.0.0-20210107192922-496545a6307b h1:h8qDotaEPuJATrMmW04NCwg7v22aHH28wwpauUhK9Oo=
gopkg.in/yaml.v3 v3.0.0-20210107192922-496545a6307b/go.mod h1:K4uyk7z7BCEPqu6E+C64Yfv1cQ7kz7rIZviUmN+EgEM=
