github.com/tencentcloud/tencentcloud-sdk-go/tencentcloud/common v1.0.409 h1:/klI8+1mbCIaRbJRjZHLQzXPJb//rlENFUWIEiShTXg=
github.com/tencentcloud/tencentcloud-sdk-go/tencentcloud/common v1.0.409/go.mod h1:7sCQWVkxcsR38nffDW057DRGk8mUjK1Ing/EFOK8s8Y=
github.com/tencentcloud/tencentcloud-sdk-go/tencentcloud/lighthouse v1.0.409 h1:1BW6HGig+OErlfdOgqKrXibK+4QNFBfTkizzEb5y2nw=
github.com/tencentcloud/tencentcloud-sdk-go/tencentcloud/lighthouse v1.0.409/go.mod h1:RSki8dPsxsJwGXEG9Ix+rmsnFogmeEQHqRul1lii7Fs=
gopkg.in/check.v1 v0.0.0-20161208181325-20d25e280405 h1:yhCVgyC4o1eVCa2tZl7eS0r+SDo693bJlVdllGtEeKM=
gopkg.in/check.v1 v0.0.0-20161208181325-20d25e280405/go.mod h1:Co6ibVJAznAaIkqp8huTwlJQCZ016jof/cbN4VW5Yz0=
gopkg.in/yaml.v3 v3.0.1 h1:fxVm/GzAzEWqLHuvctI91KS9hhNmmWOoWu0XTYJS7CA=
gopkg.in/yaml.v3 v3.0.1/go.mod h1:K4uyk7z7BCEPqu6E+C64Yfv1cQ7kz7rIZviUmN+EgEM=
